
Microsoft Visual Studio Solution File, Format Version 12.00
# Visual Studio 15
VisualStudioVersion = 15.0.28307.779
MinimumVisualStudioVersion = 10.0.40219.1
Project("{2150E333-8FDC-42A3-9474-1A3956D46DE8}") = "4.Services", "4.Services", "{F8A576E7-B61A-4A7B-99C1-ADDFA6D5697A}"
EndProject
Project("{9A19103F-16F7-4668-BE54-9A1E7A4F7556}") = "Domain.Service", "Domain.Service\Domain.Service.csproj", "{F5B21D14-FD91-48FB-870F-E1B3BEB2C307}"
EndProject
Project("{2150E333-8FDC-42A3-9474-1A3956D46DE8}") = "5.Web", "5.Web", "{DAA0D84B-1517-4CE7-A3D4-7F2F4D3F79F4}"
EndProject
Project("{9A19103F-16F7-4668-BE54-9A1E7A4F7556}") = "Web.CusManager", "Web.CusManager\Web.CusManager.csproj", "{5B350FDE-CC4D-408D-A605-49898C5ECCFE}"
EndProject
Project("{9A19103F-16F7-4668-BE54-9A1E7A4F7556}") = "Web.Api", "Web.Api\Web.Api.csproj", "{8511CC9E-94E3-4FF5-A33E-0E498A8CE785}"
EndProject
Project("{9A19103F-16F7-4668-BE54-9A1E7A4F7556}") = "Domain.Common", "Domain\Domain.Common.csproj", "{37AB438B-2D28-4CA0-8E49-7411FABF5B39}"
EndProject
Project("{2150E333-8FDC-42A3-9474-1A3956D46DE8}") = "1.Infra", "1.Infra", "{827515EB-D63A-4DE1-BDF8-5EB308BC5D60}"
EndProject
Project("{2150E333-8FDC-42A3-9474-1A3956D46DE8}") = "2.Repository", "2.Repository", "{DA4A3615-6D8E-4835-9CDC-9A0C95536C4D}"
EndProject
Project("{9A19103F-16F7-4668-BE54-9A1E7A4F7556}") = "Hx.OracleRepositories", "Hx.OracleRepositories\Hx.OracleRepositories.csproj", "{288F624A-198C-45D6-B21D-89631EB79530}"
EndProject
Project("{9A19103F-16F7-4668-BE54-9A1E7A4F7556}") = "Hx.Module.Oracle", "Hx.Module.Oracle\Hx.Module.Oracle.csproj", "{A26F8776-30D5-4310-BB45-8D464B98F2D3}"
EndProject
Project("{9A19103F-16F7-4668-BE54-9A1E7A4F7556}") = "Hx.Db.Oracle", "Hx.Db.Oracle\Hx.Db.Oracle.csproj", "{9E7661F9-FCCE-4A18-A6BE-3E5675C0D759}"
EndProject
Project("{9A19103F-16F7-4668-BE54-9A1E7A4F7556}") = "Hx.Dapper.OracleExtensions", "Hx.Dapper.OracleExtensions\Hx.Dapper.OracleExtensions.csproj", "{724E6767-05D2-403F-A86E-7ECD540B5315}"
EndProject
Project("{9A19103F-16F7-4668-BE54-9A1E7A4F7556}") = "Domain.IService", "Domain.IService\Domain.IService.csproj", "{58E076FA-A9AB-4E87-B30E-03921F3EC743}"
EndProject
Project("{2150E333-8FDC-42A3-9474-1A3956D46DE8}") = "3.Cache", "3.Cache", "{387A3E53-9CE5-4D5F-ACAE-8053CBFF47B6}"
EndProject
Project("{9A19103F-16F7-4668-BE54-9A1E7A4F7556}") = "Hx.CacheManager", "Hx.CacheManager\Hx.CacheManager.csproj", "{A82134E4-6478-46EC-956B-347FDB895FA3}"
EndProject
Project("{9A19103F-16F7-4668-BE54-9A1E7A4F7556}") = "Hx.ICacheManager", "Hx.ICacheManager\Hx.ICacheManager.csproj", "{7D44D8B9-A0B4-4ABD-A7C3-B6D50BBEEF93}"
EndProject
Project("{9A19103F-16F7-4668-BE54-9A1E7A4F7556}") = "Web.CmsManager", "Web.CmsManager\Web.CmsManager.csproj", "{DAC268A4-5896-4F18-A452-307329FA3C8A}"
EndProject
Project("{9A19103F-16F7-4668-BE54-9A1E7A4F7556}") = "Hx.Web", "Hx.Web\Hx.Web.csproj", "{D380DDEA-BAE8-4030-85F4-C07039DBB955}"
EndProject
Project("{9A19103F-16F7-4668-BE54-9A1E7A4F7556}") = "Hx.Module.MediatR", "Hx.Module.MediatR\Hx.Module.MediatR.csproj", "{BACD869A-83C0-4939-BA00-85F38965D88C}"
EndProject
Project("{9A19103F-16F7-4668-BE54-9A1E7A4F7556}") = "Hx.HttpClientFactory", "Hx.HttpClientFactory\Hx.HttpClientFactory.csproj", "{0214386E-3F55-461E-8073-1DB8AAE1F6B9}"
EndProject
Project("{2150E333-8FDC-42A3-9474-1A3956D46DE8}") = "6.Test", "6.Test", "{BEB8B215-70F4-4BF9-A862-927B5A33A231}"
EndProject
Project("{9A19103F-16F7-4668-BE54-9A1E7A4F7556}") = "Test", "Test\Test.csproj", "{4D4C7DA7-AFE2-4C31-ACF0-779D5047B0B8}"
EndProject
Project("{FAE04EC0-301F-11D3-BF4B-00C04F79EFBC}") = "Local.YYZ", "Local.YYZ\Local.YYZ.csproj", "{2AB7F4C9-A0EC-40AF-91CB-0E9CA3F12C1A}"
EndProject
Project("{FAE04EC0-301F-11D3-BF4B-00C04F79EFBC}") = "Hx.Pay.Ali", "Hx.Pay.Ali\Hx.Pay.Ali.csproj", "{01AB4794-C858-4EFE-B7EC-57E9705FB47E}"
EndProject
Global
	GlobalSection(SolutionConfigurationPlatforms) = preSolution
		Debug|Any CPU = Debug|Any CPU
		Release|Any CPU = Release|Any CPU
	EndGlobalSection
	GlobalSection(ProjectConfigurationPlatforms) = postSolution
		{F5B21D14-FD91-48FB-870F-E1B3BEB2C307}.Debug|Any CPU.ActiveCfg = Debug|Any CPU
		{F5B21D14-FD91-48FB-870F-E1B3BEB2C307}.Debug|Any CPU.Build.0 = Debug|Any CPU
		{F5B21D14-FD91-48FB-870F-E1B3BEB2C307}.Release|Any CPU.ActiveCfg = Release|Any CPU
		{F5B21D14-FD91-48FB-870F-E1B3BEB2C307}.Release|Any CPU.Build.0 = Release|Any CPU
		{5B350FDE-CC4D-408D-A605-49898C5ECCFE}.Debug|Any CPU.ActiveCfg = Debug|Any CPU
		{5B350FDE-CC4D-408D-A605-49898C5ECCFE}.Debug|Any CPU.Build.0 = Debug|Any CPU
		{5B350FDE-CC4D-408D-A605-49898C5ECCFE}.Release|Any CPU.ActiveCfg = Release|Any CPU
		{5B350FDE-CC4D-408D-A605-49898C5ECCFE}.Release|Any CPU.Build.0 = Release|Any CPU
		{8511CC9E-94E3-4FF5-A33E-0E498A8CE785}.Debug|Any CPU.ActiveCfg = Debug|Any CPU
		{8511CC9E-94E3-4FF5-A33E-0E498A8CE785}.Debug|Any CPU.Build.0 = Debug|Any CPU
		{8511CC9E-94E3-4FF5-A33E-0E498A8CE785}.Release|Any CPU.ActiveCfg = Release|Any CPU
		{8511CC9E-94E3-4FF5-A33E-0E498A8CE785}.Release|Any CPU.Build.0 = Release|Any CPU
		{37AB438B-2D28-4CA0-8E49-7411FABF5B39}.Debug|Any CPU.ActiveCfg = Debug|Any CPU
		{37AB438B-2D28-4CA0-8E49-7411FABF5B39}.Debug|Any CPU.Build.0 = Debug|Any CPU
		{37AB438B-2D28-4CA0-8E49-7411FABF5B39}.Release|Any CPU.ActiveCfg = Release|Any CPU
		{37AB438B-2D28-4CA0-8E49-7411FABF5B39}.Release|Any CPU.Build.0 = Release|Any CPU
		{288F624A-198C-45D6-B21D-89631EB79530}.Debug|Any CPU.ActiveCfg = Debug|Any CPU
		{288F624A-198C-45D6-B21D-89631EB79530}.Debug|Any CPU.Build.0 = Debug|Any CPU
		{288F624A-198C-45D6-B21D-89631EB79530}.Release|Any CPU.ActiveCfg = Release|Any CPU
		{288F624A-198C-45D6-B21D-89631EB79530}.Release|Any CPU.Build.0 = Release|Any CPU
		{A26F8776-30D5-4310-BB45-8D464B98F2D3}.Debug|Any CPU.ActiveCfg = Debug|Any CPU
		{A26F8776-30D5-4310-BB45-8D464B98F2D3}.Debug|Any CPU.Build.0 = Debug|Any CPU
		{A26F8776-30D5-4310-BB45-8D464B98F2D3}.Release|Any CPU.ActiveCfg = Release|Any CPU
		{A26F8776-30D5-4310-BB45-8D464B98F2D3}.Release|Any CPU.Build.0 = Release|Any CPU
		{9E7661F9-FCCE-4A18-A6BE-3E5675C0D759}.Debug|Any CPU.ActiveCfg = Debug|Any CPU
		{9E7661F9-FCCE-4A18-A6BE-3E5675C0D759}.Debug|Any CPU.Build.0 = Debug|Any CPU
		{9E7661F9-FCCE-4A18-A6BE-3E5675C0D759}.Release|Any CPU.ActiveCfg = Release|Any CPU
		{9E7661F9-FCCE-4A18-A6BE-3E5675C0D759}.Release|Any CPU.Build.0 = Release|Any CPU
		{724E6767-05D2-403F-A86E-7ECD540B5315}.Debug|Any CPU.ActiveCfg = Debug|Any CPU
		{724E6767-05D2-403F-A86E-7ECD540B5315}.Debug|Any CPU.Build.0 = Debug|Any CPU
		{724E6767-05D2-403F-A86E-7ECD540B5315}.Release|Any CPU.ActiveCfg = Release|Any CPU
		{724E6767-05D2-403F-A86E-7ECD540B5315}.Release|Any CPU.Build.0 = Release|Any CPU
		{58E076FA-A9AB-4E87-B30E-03921F3EC743}.Debug|Any CPU.ActiveCfg = Debug|Any CPU
		{58E076FA-A9AB-4E87-B30E-03921F3EC743}.Debug|Any CPU.Build.0 = Debug|Any CPU
		{58E076FA-A9AB-4E87-B30E-03921F3EC743}.Release|Any CPU.ActiveCfg = Release|Any CPU
		{58E076FA-A9AB-4E87-B30E-03921F3EC743}.Release|Any CPU.Build.0 = Release|Any CPU
		{A82134E4-6478-46EC-956B-347FDB895FA3}.Debug|Any CPU.ActiveCfg = Debug|Any CPU
		{A82134E4-6478-46EC-956B-347FDB895FA3}.Debug|Any CPU.Build.0 = Debug|Any CPU
		{A82134E4-6478-46EC-956B-347FDB895FA3}.Release|Any CPU.ActiveCfg = Release|Any CPU
		{A82134E4-6478-46EC-956B-347FDB895FA3}.Release|Any CPU.Build.0 = Release|Any CPU
		{7D44D8B9-A0B4-4ABD-A7C3-B6D50BBEEF93}.Debug|Any CPU.ActiveCfg = Debug|Any CPU
		{7D44D8B9-A0B4-4ABD-A7C3-B6D50BBEEF93}.Debug|Any CPU.Build.0 = Debug|Any CPU
		{7D44D8B9-A0B4-4ABD-A7C3-B6D50BBEEF93}.Release|Any CPU.ActiveCfg = Release|Any CPU
		{7D44D8B9-A0B4-4ABD-A7C3-B6D50BBEEF93}.Release|Any CPU.Build.0 = Release|Any CPU
		{DAC268A4-5896-4F18-A452-307329FA3C8A}.Debug|Any CPU.ActiveCfg = Debug|Any CPU
		{DAC268A4-5896-4F18-A452-307329FA3C8A}.Debug|Any CPU.Build.0 = Debug|Any CPU
		{DAC268A4-5896-4F18-A452-307329FA3C8A}.Release|Any CPU.ActiveCfg = Release|Any CPU
		{DAC268A4-5896-4F18-A452-307329FA3C8A}.Release|Any CPU.Build.0 = Release|Any CPU
		{D380DDEA-BAE8-4030-85F4-C07039DBB955}.Debug|Any CPU.ActiveCfg = Debug|Any CPU
		{D380DDEA-BAE8-4030-85F4-C07039DBB955}.Debug|Any CPU.Build.0 = Debug|Any CPU
		{D380DDEA-BAE8-4030-85F4-C07039DBB955}.Release|Any CPU.ActiveCfg = Release|Any CPU
		{D380DDEA-BAE8-4030-85F4-C07039DBB955}.Release|Any CPU.Build.0 = Release|Any CPU
		{BACD869A-83C0-4939-BA00-85F38965D88C}.Debug|Any CPU.ActiveCfg = Debug|Any CPU
		{BACD869A-83C0-4939-BA00-85F38965D88C}.Debug|Any CPU.Build.0 = Debug|Any CPU
		{BACD869A-83C0-4939-BA00-85F38965D88C}.Release|Any CPU.ActiveCfg = Release|Any CPU
		{BACD869A-83C0-4939-BA00-85F38965D88C}.Release|Any CPU.Build.0 = Release|Any CPU
		{0214386E-3F55-461E-8073-1DB8AAE1F6B9}.Debug|Any CPU.ActiveCfg = Debug|Any CPU
		{0214386E-3F55-461E-8073-1DB8AAE1F6B9}.Debug|Any CPU.Build.0 = Debug|Any CPU
		{0214386E-3F55-461E-8073-1DB8AAE1F6B9}.Release|Any CPU.ActiveCfg = Release|Any CPU
		{0214386E-3F55-461E-8073-1DB8AAE1F6B9}.Release|Any CPU.Build.0 = Release|Any CPU
		{4D4C7DA7-AFE2-4C31-ACF0-779D5047B0B8}.Debug|Any CPU.ActiveCfg = Debug|Any CPU
		{4D4C7DA7-AFE2-4C31-ACF0-779D5047B0B8}.Debug|Any CPU.Build.0 = Debug|Any CPU
		{4D4C7DA7-AFE2-4C31-ACF0-779D5047B0B8}.Release|Any CPU.ActiveCfg = Release|Any CPU
		{4D4C7DA7-AFE2-4C31-ACF0-779D5047B0B8}.Release|Any CPU.Build.0 = Release|Any CPU
		{2AB7F4C9-A0EC-40AF-91CB-0E9CA3F12C1A}.Debug|Any CPU.ActiveCfg = Debug|Any CPU
		{2AB7F4C9-A0EC-40AF-91CB-0E9CA3F12C1A}.Debug|Any CPU.Build.0 = Debug|Any CPU
		{2AB7F4C9-A0EC-40AF-91CB-0E9CA3F12C1A}.Release|Any CPU.ActiveCfg = Release|Any CPU
		{2AB7F4C9-A0EC-40AF-91CB-0E9CA3F12C1A}.Release|Any CPU.Build.0 = Release|Any CPU
		{01AB4794-C858-4EFE-B7EC-57E9705FB47E}.Debug|Any CPU.ActiveCfg = Debug|Any CPU
		{01AB4794-C858-4EFE-B7EC-57E9705FB47E}.Debug|Any CPU.Build.0 = Debug|Any CPU
		{01AB4794-C858-4EFE-B7EC-57E9705FB47E}.Release|Any CPU.ActiveCfg = Release|Any CPU
		{01AB4794-C858-4EFE-B7EC-57E9705FB47E}.Release|Any CPU.Build.0 = Release|Any CPU
	EndGlobalSection
	GlobalSection(SolutionProperties) = preSolution
		HideSolutionNode = FALSE
	EndGlobalSection
	GlobalSection(NestedProjects) = preSolution
		{F5B21D14-FD91-48FB-870F-E1B3BEB2C307} = {F8A576E7-B61A-4A7B-99C1-ADDFA6D5697A}
		{5B350FDE-CC4D-408D-A605-49898C5ECCFE} = {DAA0D84B-1517-4CE7-A3D4-7F2F4D3F79F4}
		{8511CC9E-94E3-4FF5-A33E-0E498A8CE785} = {DAA0D84B-1517-4CE7-A3D4-7F2F4D3F79F4}
		{37AB438B-2D28-4CA0-8E49-7411FABF5B39} = {827515EB-D63A-4DE1-BDF8-5EB308BC5D60}
		{288F624A-198C-45D6-B21D-89631EB79530} = {DA4A3615-6D8E-4835-9CDC-9A0C95536C4D}
		{A26F8776-30D5-4310-BB45-8D464B98F2D3} = {827515EB-D63A-4DE1-BDF8-5EB308BC5D60}
		{9E7661F9-FCCE-4A18-A6BE-3E5675C0D759} = {DA4A3615-6D8E-4835-9CDC-9A0C95536C4D}
		{724E6767-05D2-403F-A86E-7ECD540B5315} = {DA4A3615-6D8E-4835-9CDC-9A0C95536C4D}
		{58E076FA-A9AB-4E87-B30E-03921F3EC743} = {F8A576E7-B61A-4A7B-99C1-ADDFA6D5697A}
		{A82134E4-6478-46EC-956B-347FDB895FA3} = {387A3E53-9CE5-4D5F-ACAE-8053CBFF47B6}
		{7D44D8B9-A0B4-4ABD-A7C3-B6D50BBEEF93} = {387A3E53-9CE5-4D5F-ACAE-8053CBFF47B6}
		{DAC268A4-5896-4F18-A452-307329FA3C8A} = {DAA0D84B-1517-4CE7-A3D4-7F2F4D3F79F4}
		{D380DDEA-BAE8-4030-85F4-C07039DBB955} = {827515EB-D63A-4DE1-BDF8-5EB308BC5D60}
		{BACD869A-83C0-4939-BA00-85F38965D88C} = {827515EB-D63A-4DE1-BDF8-5EB308BC5D60}
		{0214386E-3F55-461E-8073-1DB8AAE1F6B9} = {827515EB-D63A-4DE1-BDF8-5EB308BC5D60}
		{4D4C7DA7-AFE2-4C31-ACF0-779D5047B0B8} = {BEB8B215-70F4-4BF9-A862-927B5A33A231}
		{2AB7F4C9-A0EC-40AF-91CB-0E9CA3F12C1A} = {BEB8B215-70F4-4BF9-A862-927B5A33A231}
		{01AB4794-C858-4EFE-B7EC-57E9705FB47E} = {827515EB-D63A-4DE1-BDF8-5EB308BC5D60}
	EndGlobalSection
	GlobalSection(ExtensibilityGlobals) = postSolution
		SolutionGuid = {A317E6E8-D264-4BFC-A443-4D8B54A01FE8}
	EndGlobalSection
EndGlobal
